
Microsoft Visual Studio Solution File, Format Version 12.00
Project("{FAE04EC0-301F-11D3-BF4B-00C04F79EFBC}") = "ContactBookApi", "ContactBookApi\ContactBookApi.csproj", "{66E50AD9-E134-4147-A6F3-A0CD89F995AD}"
EndProject
Project("{FAE04EC0-301F-11D3-BF4B-00C04F79EFBC}") = "ContactBookApi.Tests", "ContactBookApi.Tests\ContactBookApi.Tests.csproj", "{8B1C5DF0-35DA-42AD-A735-88BAA6FC1DEE}"
EndProject
Global
	GlobalSection(SolutionConfigurationPlatforms) = preSolution
		Debug|Any CPU = Debug|Any CPU
		Debug|x64 = Debug|x64
		Debug|x86 = Debug|x86
		Release|Any CPU = Release|Any CPU
		Release|x64 = Release|x64
		Release|x86 = Release|x86
	EndGlobalSection
	GlobalSection(ProjectConfigurationPlatforms) = postSolution
		{66E50AD9-E134-4147-A6F3-A0CD89F995AD}.Debug|Any CPU.ActiveCfg = Debug|Any CPU
		{66E50AD9-E134-4147-A6F3-A0CD89F995AD}.Debug|Any CPU.Build.0 = Debug|Any CPU
		{66E50AD9-E134-4147-A6F3-A0CD89F995AD}.Debug|x64.ActiveCfg = Debug|Any CPU
		{66E50AD9-E134-4147-A6F3-A0CD89F995AD}.Debug|x64.Build.0 = Debug|Any CPU
		{66E50AD9-E134-4147-A6F3-A0CD89F995AD}.Debug|x86.ActiveCfg = Debug|Any CPU
		{66E50AD9-E134-4147-A6F3-A0CD89F995AD}.Debug|x86.Build.0 = Debug|Any CPU
		{66E50AD9-E134-4147-A6F3-A0CD89F995AD}.Release|Any CPU.ActiveCfg = Release|Any CPU
		{66E50AD9-E134-4147-A6F3-A0CD89F995AD}.Release|Any CPU.Build.0 = Release|Any CPU
		{66E50AD9-E134-4147-A6F3-A0CD89F995AD}.Release|x64.ActiveCfg = Release|Any CPU
		{66E50AD9-E134-4147-A6F3-A0CD89F995AD}.Release|x64.Build.0 = Release|Any CPU
		{66E50AD9-E134-4147-A6F3-A0CD89F995AD}.Release|x86.ActiveCfg = Release|Any CPU
		{66E50AD9-E134-4147-A6F3-A0CD89F995AD}.Release|x86.Build.0 = Release|Any CPU
		{8B1C5DF0-35DA-42AD-A735-88BAA6FC1DEE}.Debug|Any CPU.ActiveCfg = Debug|Any CPU
		{8B1C5DF0-35DA-42AD-A735-88BAA6FC1DEE}.Debug|Any CPU.Build.0 = Debug|Any CPU
		{8B1C5DF0-35DA-42AD-A735-88BAA6FC1DEE}.Debug|x64.ActiveCfg = Debug|Any CPU
		{8B1C5DF0-35DA-42AD-A735-88BAA6FC1DEE}.Debug|x64.Build.0 = Debug|Any CPU
		{8B1C5DF0-35DA-42AD-A735-88BAA6FC1DEE}.Debug|x86.ActiveCfg = Debug|Any CPU
		{8B1C5DF0-35DA-42AD-A735-88BAA6FC1DEE}.Debug|x86.Build.0 = Debug|Any CPU
		{8B1C5DF0-35DA-42AD-A735-88BAA6FC1DEE}.Release|Any CPU.ActiveCfg = Release|Any CPU
		{8B1C5DF0-35DA-42AD-A735-88BAA6FC1DEE}.Release|Any CPU.Build.0 = Release|Any CPU
		{8B1C5DF0-35DA-42AD-A735-88BAA6FC1DEE}.Release|x64.ActiveCfg = Release|Any CPU
		{8B1C5DF0-35DA-42AD-A735-88BAA6FC1DEE}.Release|x64.Build.0 = Release|Any CPU
		{8B1C5DF0-35DA-42AD-A735-88BAA6FC1DEE}.Release|x86.ActiveCfg = Release|Any CPU
		{8B1C5DF0-35DA-42AD-A735-88BAA6FC1DEE}.Release|x86.Build.0 = Release|Any CPU
	EndGlobalSection
	GlobalSection(SolutionProperties) = preSolution
		HideSolutionNode = FALSE
	EndGlobalSection
EndGlobal
